
Microsoft Visual Studio Solution File, Format Version 12.00
# Visual Studio Version 16
VisualStudioVersion = 16.0.32106.194
MinimumVisualStudioVersion = 10.0.40219.1
Project("{FAE04EC0-301F-11D3-BF4B-00C04F79EFBC}") = "EasySuport", "EasySuport.csproj", "{F75FE131-63E0-4392-8E12-2C1C5A0215B6}"
EndProject
Global
	GlobalSection(SolutionConfigurationPlatforms) = preSolution
		Debug|Any CPU = Debug|Any CPU
		Release|Any CPU = Release|Any CPU
	EndGlobalSection
	GlobalSection(ProjectConfigurationPlatforms) = postSolution
		{F75FE131-63E0-4392-8E12-2C1C5A0215B6}.Debug|Any CPU.ActiveCfg = Debug|Any CPU
		{F75FE131-63E0-4392-8E12-2C1C5A0215B6}.Debug|Any CPU.Build.0 = Debug|Any CPU
		{F75FE131-63E0-4392-8E12-2C1C5A0215B6}.Release|Any CPU.ActiveCfg = Release|Any CPU
		{F75FE131-63E0-4392-8E12-2C1C5A0215B6}.Release|Any CPU.Build.0 = Release|Any CPU
	EndGlobalSection
	GlobalSection(SolutionProperties) = preSolution
		HideSolutionNode = FALSE
	EndGlobalSection
	GlobalSection(ExtensibilityGlobals) = postSolution
		SolutionGuid = {AB32983B-9F04-4050-8145-D5E21B7B1F29}
	EndGlobalSection
EndGlobal
